
Microsoft Visual Studio Solution File, Format Version 12.00
# Visual Studio Version 16
VisualStudioVersion = 16.0.31004.235
MinimumVisualStudioVersion = 10.0.40219.1
Project("{FAE04EC0-301F-11D3-BF4B-00C04F79EFBC}") = "NuGet Upload File Creator", "NuGet Upload File Creator\NuGet Upload File Creator.csproj", "{B63B33C7-84A4-44FD-AB44-4B1FFC811A03}"
EndProject
Global
	GlobalSection(SolutionConfigurationPlatforms) = preSolution
		Debug|Any CPU = Debug|Any CPU
		Release|Any CPU = Release|Any CPU
	EndGlobalSection
	GlobalSection(ProjectConfigurationPlatforms) = postSolution
		{B63B33C7-84A4-44FD-AB44-4B1FFC811A03}.Debug|Any CPU.ActiveCfg = Debug|Any CPU
		{B63B33C7-84A4-44FD-AB44-4B1FFC811A03}.Debug|Any CPU.Build.0 = Debug|Any CPU
		{B63B33C7-84A4-44FD-AB44-4B1FFC811A03}.Release|Any CPU.ActiveCfg = Release|Any CPU
		{B63B33C7-84A4-44FD-AB44-4B1FFC811A03}.Release|Any CPU.Build.0 = Release|Any CPU
	EndGlobalSection
	GlobalSection(SolutionProperties) = preSolution
		HideSolutionNode = FALSE
	EndGlobalSection
	GlobalSection(ExtensibilityGlobals) = postSolution
		SolutionGuid = {5F5AFED1-15FE-4396-B36C-14B9CB56A3B8}
	EndGlobalSection
EndGlobal
